
Microsoft Visual Studio Solution File, Format Version 12.00
# Visual Studio Version 16
VisualStudioVersion = 16.0.29806.167
MinimumVisualStudioVersion = 10.0.40219.1
Project("{9A19103F-16F7-4668-BE54-9A1E7A4F7556}") = "Silkier", "Silkier\Silkier.csproj", "{F0DA7B07-9D10-4F77-8768-B4E1347FCA16}"
EndProject
Project("{9A19103F-16F7-4668-BE54-9A1E7A4F7556}") = "Silkier.AspNetCore", "Silkier.AspNetCore\Silkier.AspNetCore.csproj", "{BBF50F2E-2466-446E-969C-8B63EBD95A55}"
EndProject
Project("{9A19103F-16F7-4668-BE54-9A1E7A4F7556}") = "Silkier.HealthChecks.NTPServer", "Silkier.HealthChecks.NTPServer\Silkier.HealthChecks.NTPServer.csproj", "{74406C75-0465-4C92-967D-EC827B36B547}"
EndProject
Project("{2150E333-8FDC-42A3-9474-1A3956D46DE8}") = "Solution Items", "Solution Items", "{6450D06C-913A-4070-BC7E-0D0C03D662DE}"
	ProjectSection(SolutionItems) = preProject
		.gitattributes = .gitattributes
		.gitignore = .gitignore
		README.md = README.md
	EndProjectSection
EndProject
Project("{9A19103F-16F7-4668-BE54-9A1E7A4F7556}") = "Silkier.UnitTest", "Silkier.UnitTest\Silkier.UnitTest.csproj", "{EC7BD151-357D-4674-98ED-D04325EF5FC7}"
EndProject
Project("{9A19103F-16F7-4668-BE54-9A1E7A4F7556}") = "ParalleDI", "Demos\ParalleDI\ParalleDI.csproj", "{7C227B9B-9473-4972-9452-F0A22E75B99C}"
EndProject
Project("{2150E333-8FDC-42A3-9474-1A3956D46DE8}") = "Demos", "Demos", "{195074F6-4012-44D4-9E99-7B95086F7F29}"
EndProject
Project("{9A19103F-16F7-4668-BE54-9A1E7A4F7556}") = "Silkier.EFCore", "Silkier.EFCore\Silkier.EFCore.csproj", "{56487013-48A9-4C90-9034-CF56AF972EC8}"
EndProject
Global
	GlobalSection(SolutionConfigurationPlatforms) = preSolution
		Debug|Any CPU = Debug|Any CPU
		Release|Any CPU = Release|Any CPU
	EndGlobalSection
	GlobalSection(ProjectConfigurationPlatforms) = postSolution
		{F0DA7B07-9D10-4F77-8768-B4E1347FCA16}.Debug|Any CPU.ActiveCfg = Debug|Any CPU
		{F0DA7B07-9D10-4F77-8768-B4E1347FCA16}.Debug|Any CPU.Build.0 = Debug|Any CPU
		{F0DA7B07-9D10-4F77-8768-B4E1347FCA16}.Release|Any CPU.ActiveCfg = Release|Any CPU
		{F0DA7B07-9D10-4F77-8768-B4E1347FCA16}.Release|Any CPU.Build.0 = Release|Any CPU
		{BBF50F2E-2466-446E-969C-8B63EBD95A55}.Debug|Any CPU.ActiveCfg = Debug|Any CPU
		{BBF50F2E-2466-446E-969C-8B63EBD95A55}.Debug|Any CPU.Build.0 = Debug|Any CPU
		{BBF50F2E-2466-446E-969C-8B63EBD95A55}.Release|Any CPU.ActiveCfg = Release|Any CPU
		{BBF50F2E-2466-446E-969C-8B63EBD95A55}.Release|Any CPU.Build.0 = Release|Any CPU
		{74406C75-0465-4C92-967D-EC827B36B547}.Debug|Any CPU.ActiveCfg = Debug|Any CPU
		{74406C75-0465-4C92-967D-EC827B36B547}.Debug|Any CPU.Build.0 = Debug|Any CPU
		{74406C75-0465-4C92-967D-EC827B36B547}.Release|Any CPU.ActiveCfg = Release|Any CPU
		{74406C75-0465-4C92-967D-EC827B36B547}.Release|Any CPU.Build.0 = Release|Any CPU
		{EC7BD151-357D-4674-98ED-D04325EF5FC7}.Debug|Any CPU.ActiveCfg = Debug|Any CPU
		{EC7BD151-357D-4674-98ED-D04325EF5FC7}.Debug|Any CPU.Build.0 = Debug|Any CPU
		{EC7BD151-357D-4674-98ED-D04325EF5FC7}.Release|Any CPU.ActiveCfg = Release|Any CPU
		{EC7BD151-357D-4674-98ED-D04325EF5FC7}.Release|Any CPU.Build.0 = Release|Any CPU
		{7C227B9B-9473-4972-9452-F0A22E75B99C}.Debug|Any CPU.ActiveCfg = Debug|Any CPU
		{7C227B9B-9473-4972-9452-F0A22E75B99C}.Debug|Any CPU.Build.0 = Debug|Any CPU
		{7C227B9B-9473-4972-9452-F0A22E75B99C}.Release|Any CPU.ActiveCfg = Release|Any CPU
		{7C227B9B-9473-4972-9452-F0A22E75B99C}.Release|Any CPU.Build.0 = Release|Any CPU
		{56487013-48A9-4C90-9034-CF56AF972EC8}.Debug|Any CPU.ActiveCfg = Debug|Any CPU
		{56487013-48A9-4C90-9034-CF56AF972EC8}.Debug|Any CPU.Build.0 = Debug|Any CPU
		{56487013-48A9-4C90-9034-CF56AF972EC8}.Release|Any CPU.ActiveCfg = Release|Any CPU
		{56487013-48A9-4C90-9034-CF56AF972EC8}.Release|Any CPU.Build.0 = Release|Any CPU
	EndGlobalSection
	GlobalSection(SolutionProperties) = preSolution
		HideSolutionNode = FALSE
	EndGlobalSection
	GlobalSection(NestedProjects) = preSolution
		{7C227B9B-9473-4972-9452-F0A22E75B99C} = {195074F6-4012-44D4-9E99-7B95086F7F29}
	EndGlobalSection
	GlobalSection(ExtensibilityGlobals) = postSolution
		SolutionGuid = {DBF75080-5455-43AD-A8ED-31E496FCC574}
	EndGlobalSection
EndGlobal
